
Microsoft Visual Studio Solution File, Format Version 12.00
# Visual Studio Version 17
VisualStudioVersion = 17.11.35312.102
MinimumVisualStudioVersion = 10.0.40219.1
Project("{FAE04EC0-301F-11D3-BF4B-00C04F79EFBC}") = "Draft", "Draft\Draft.csproj", "{CC69927A-2B38-43E0-8D5A-E2CA70753871}"
EndProject
Global
	GlobalSection(SolutionConfigurationPlatforms) = preSolution
		Debug|Any CPU = Debug|Any CPU
		Release|Any CPU = Release|Any CPU
	EndGlobalSection
	GlobalSection(ProjectConfigurationPlatforms) = postSolution
		{CC69927A-2B38-43E0-8D5A-E2CA70753871}.Debug|Any CPU.ActiveCfg = Debug|Any CPU
		{CC69927A-2B38-43E0-8D5A-E2CA70753871}.Debug|Any CPU.Build.0 = Debug|Any CPU
		{CC69927A-2B38-43E0-8D5A-E2CA70753871}.Release|Any CPU.ActiveCfg = Release|Any CPU
		{CC69927A-2B38-43E0-8D5A-E2CA70753871}.Release|Any CPU.Build.0 = Release|Any CPU
	EndGlobalSection
	GlobalSection(SolutionProperties) = preSolution
		HideSolutionNode = FALSE
	EndGlobalSection
	GlobalSection(ExtensibilityGlobals) = postSolution
		SolutionGuid = {ADA943A3-F263-4130-B14E-0AB434BE3D51}
	EndGlobalSection
EndGlobal
